
Microsoft Visual Studio Solution File, Format Version 12.00
# Visual Studio 15
VisualStudioVersion = 15.0.28010.2036
MinimumVisualStudioVersion = 10.0.40219.1
Project("{8BC9CEB8-8B4A-11D0-8D11-00A0C91BC942}") = "Project 3 - BinarySearchTrees", "Project 3 - BinarySearchTrees\Project 3 - BinarySearchTrees.vcxproj", "{0B348774-A3C4-4942-BEB5-DF7C7BE577CD}"
EndProject
Global
	GlobalSection(SolutionConfigurationPlatforms) = preSolution
		Debug|x64 = Debug|x64
		Debug|x86 = Debug|x86
		Release|x64 = Release|x64
		Release|x86 = Release|x86
	EndGlobalSection
	GlobalSection(ProjectConfigurationPlatforms) = postSolution
		{0B348774-A3C4-4942-BEB5-DF7C7BE577CD}.Debug|x64.ActiveCfg = Debug|x64
		{0B348774-A3C4-4942-BEB5-DF7C7BE577CD}.Debug|x64.Build.0 = Debug|x64
		{0B348774-A3C4-4942-BEB5-DF7C7BE577CD}.Debug|x86.ActiveCfg = Debug|Win32
		{0B348774-A3C4-4942-BEB5-DF7C7BE577CD}.Debug|x86.Build.0 = Debug|Win32
		{0B348774-A3C4-4942-BEB5-DF7C7BE577CD}.Release|x64.ActiveCfg = Release|x64
		{0B348774-A3C4-4942-BEB5-DF7C7BE577CD}.Release|x64.Build.0 = Release|x64
		{0B348774-A3C4-4942-BEB5-DF7C7BE577CD}.Release|x86.ActiveCfg = Release|Win32
		{0B348774-A3C4-4942-BEB5-DF7C7BE577CD}.Release|x86.Build.0 = Release|Win32
	EndGlobalSection
	GlobalSection(SolutionProperties) = preSolution
		HideSolutionNode = FALSE
	EndGlobalSection
	GlobalSection(ExtensibilityGlobals) = postSolution
		SolutionGuid = {215FEFB8-98AF-45A6-BDEC-CDE42E05EA69}
	EndGlobalSection
EndGlobal
